PODS:
  - FBSnapshotTestCase (2.1.4):
    - FBSnapshotTestCase/SwiftSupport (= 2.1.4)
  - FBSnapshotTestCase/Core (2.1.4)
  - FBSnapshotTestCase/SwiftSupport (2.1.4):
    - FBSnapshotTestCase/Core
  - VersaPlayer (0.1.1)
  - VersaPlayerOverlayContentExtension (0.1.4):
    - VersaPlayer

DEPENDENCIES:
  - FBSnapshotTestCase (~> 2.1.4)
  - VersaPlayer
  - VersaPlayerOverlayContentExtension (from `../`)

SPEC REPOS:
  https://github.com/cocoapods/specs.git:
    - FBSnapshotTestCase
    - VersaPlayer

EXTERNAL SOURCES:
  VersaPlayerOverlayContentExtension:
    :path: "../"

SPEC CHECKSUMS:
  FBSnapshotTestCase: 094f9f314decbabe373b87cc339bea235a63e07a
  VersaPlayer: 92f5eab6d9ce0a12bcfc5eca4618446f03931ec8
  VersaPlayerOverlayContentExtension: d3cca8a799cf58369d4ac4637276a67a090f01b4

PODFILE CHECKSUM: 26320abea2adf3d2ed79e3e641641149244c0896

COCOAPODS: 1.5.3
