PODS:
  - FBSnapshotTestCase (2.1.4):
    - FBSnapshotTestCase/SwiftSupport (= 2.1.4)
  - FBSnapshotTestCase/Core (2.1.4)
  - FBSnapshotTestCase/SwiftSupport (2.1.4):
    - FBSnapshotTestCase/Core
  - VersaPlayer (1.2.1)
  - VersaPlayerOverlayContentExtension (0.1.6):
    - VersaPlayer

DEPENDENCIES:
  - FBSnapshotTestCase (~> 2.1.4)
  - VersaPlayer
  - VersaPlayerOverlayContentExtension (from `../`)

SPEC REPOS:
  https://github.com/cocoapods/specs.git:
    - FBSnapshotTestCase
    - VersaPlayer

EXTERNAL SOURCES:
  VersaPlayerOverlayContentExtension:
    :path: "../"

SPEC CHECKSUMS:
  FBSnapshotTestCase: 094f9f314decbabe373b87cc339bea235a63e07a
  VersaPlayer: ae33859d21559ff631b0dfb159f212af70631ef2
  VersaPlayerOverlayContentExtension: ddddd5e0da8aea0ba1b48511019b6122dbac8dea

PODFILE CHECKSUM: 7373f52ff6adc7369a4d55b4c114f3805aafefb7

COCOAPODS: 1.5.3
